
Microsoft Visual Studio Solution File, Format Version 12.00
# Visual Studio 15
VisualStudioVersion = 15.0.28307.489
MinimumVisualStudioVersion = 10.0.40219.1
Project("{FAE04EC0-301F-11D3-BF4B-00C04F79EFBC}") = "OOOSubs.BL", "OOOSubs.BL\OOOSubs.BL.csproj", "{FAA3F94F-40A6-48C4-BFF2-ECF8FA5CD4E8}"
EndProject
Project("{FAE04EC0-301F-11D3-BF4B-00C04F79EFBC}") = "OOOSubs.CMD", "OOOSubs.CMD\OOOSubs.CMD.csproj", "{A8CA6B68-136F-4AF1-BC34-94A03252745B}"
EndProject
Global
	GlobalSection(SolutionConfigurationPlatforms) = preSolution
		Debug|Any CPU = Debug|Any CPU
		Release|Any CPU = Release|Any CPU
	EndGlobalSection
	GlobalSection(ProjectConfigurationPlatforms) = postSolution
		{FAA3F94F-40A6-48C4-BFF2-ECF8FA5CD4E8}.Debug|Any CPU.ActiveCfg = Debug|Any CPU
		{FAA3F94F-40A6-48C4-BFF2-ECF8FA5CD4E8}.Debug|Any CPU.Build.0 = Debug|Any CPU
		{FAA3F94F-40A6-48C4-BFF2-ECF8FA5CD4E8}.Release|Any CPU.ActiveCfg = Release|Any CPU
		{FAA3F94F-40A6-48C4-BFF2-ECF8FA5CD4E8}.Release|Any CPU.Build.0 = Release|Any CPU
		{A8CA6B68-136F-4AF1-BC34-94A03252745B}.Debug|Any CPU.ActiveCfg = Debug|Any CPU
		{A8CA6B68-136F-4AF1-BC34-94A03252745B}.Debug|Any CPU.Build.0 = Debug|Any CPU
		{A8CA6B68-136F-4AF1-BC34-94A03252745B}.Release|Any CPU.ActiveCfg = Release|Any CPU
		{A8CA6B68-136F-4AF1-BC34-94A03252745B}.Release|Any CPU.Build.0 = Release|Any CPU
	EndGlobalSection
	GlobalSection(SolutionProperties) = preSolution
		HideSolutionNode = FALSE
	EndGlobalSection
	GlobalSection(ExtensibilityGlobals) = postSolution
		SolutionGuid = {EE7D5CC3-4C87-4144-B85B-9D87C530A138}
	EndGlobalSection
EndGlobal
